{
  "lockfileVersion": 1,
  "configVersion": 1,
  "workspaces": {
    "": {
      "name": "loopcalc",
      "dependencies": {
        "@codegraff/sdk": "^0.3.1",
        "js-tiktoken": "^1.0.12",
      },
    },
  },
  "packages": {
    "@codegraff/sdk": ["@codegraff/sdk@0.3.1", "", {}, "sha512-b2/0sz49qtZcsl5sD8EvvwSgaaOdjWOwZqJjlSQbXgesX6jTVFe7+Ct1kJT/3gLucftIG6bQj1dlEdQ2JQjzQQ=="],

    "base64-js": ["base64-js@1.5.1", "", {}, "sha512-AKpaYlHn8t4SVbOHCy+b5+KKgvR4vrsD8vbvrbiQJps7fKDTkjkDry6ji0rUJjC0kzbNePLwzxq8iypo41qeWA=="],

    "js-tiktoken": ["js-tiktoken@1.0.21", "", { "dependencies": { "base64-js": "^1.5.1" } }, "sha512-biOj/6M5qdgx5TKjDnFT1ymSpM5tbd3ylwDtrQvFQSu0Z7bBYko2dF+W/aUkXUPuk6IVpRxk/3Q2sHOzGlS36g=="],
  }
}
